// !$*UTF8*$!
{
	archiveVersion = 1;
	classes = {
	};
	objectVersion = 53;
	objects = {

/* Begin PBXBuildFile section */
		2E93BD32251B4CED005CBE6D /* AuthServ.swift in Sources */ = {isa = PBXBuildFile; fileRef = 2E93BD31251B4CED005CBE6D /* AuthServ.swift */; };
		2E93BD34251B4FA8005CBE6D /* AuthViewController.storyboard in Resources */ = {isa = PBXBuildFile; fileRef = 2E93BD33251B4FA8005CBE6D /* AuthViewController.storyboard */; };
		2E93BD36251B6E7C005CBE6D /* FeedViewController.swift in Sources */ = {isa = PBXBuildFile; fileRef = 2E93BD35251B6E7C005CBE6D /* FeedViewController.swift */; };
		2E93BD38251B6E8E005CBE6D /* FeedViewController.storyboard in Resources */ = {isa = PBXBuildFile; fileRef = 2E93BD37251B6E8E005CBE6D /* FeedViewController.storyboard */; };
		2E93BD3C251B7462005CBE6D /* UIViewControler + Storyboard.swift in Sources */ = {isa = PBXBuildFile; fileRef = 2E93BD3B251B7462005CBE6D /* UIViewControler + Storyboard.swift */; };
		2EF07A39251B2859004C3C90 /* AppDelegate.swift in Sources */ = {isa = PBXBuildFile; fileRef = 2EF07A38251B2859004C3C90 /* AppDelegate.swift */; };
		2EF07A3B251B2859004C3C90 /* SceneDelegate.swift in Sources */ = {isa = PBXBuildFile; fileRef = 2EF07A3A251B2859004C3C90 /* SceneDelegate.swift */; };
		2EF07A3D251B2859004C3C90 /* AuthViewController.swift in Sources */ = {isa = PBXBuildFile; fileRef = 2EF07A3C251B2859004C3C90 /* AuthViewController.swift */; };
		2EF07A42251B2861004C3C90 /* Assets.xcassets in Resources */ = {isa = PBXBuildFile; fileRef = 2EF07A41251B2861004C3C90 /* Assets.xcassets */; };
		2EF07A45251B2861004C3C90 /* LaunchScreen.storyboard in Resources */ = {isa = PBXBuildFile; fileRef = 2EF07A43251B2861004C3C90 /* LaunchScreen.storyboard */; };
		2EF07A4F251B2F92004C3C90 /* VKSdkFramework.framework in Frameworks */ = {isa = PBXBuildFile; fileRef = 2EF07A4E251B2F92004C3C90 /* VKSdkFramework.framework */; };
		2EF07A50251B2F92004C3C90 /* VKSdkFramework.framework in Embed Frameworks */ = {isa = PBXBuildFile; fileRef = 2EF07A4E251B2F92004C3C90 /* VKSdkFramework.framework */; settings = {ATTRIBUTES = (CodeSignOnCopy, RemoveHeadersOnCopy, ); }; };
		2EF07A53251B2FE6004C3C90 /* .gitignore in Resources */ = {isa = PBXBuildFile; fileRef = 2EF07A52251B2FE6004C3C90 /* .gitignore */; };
/* End PBXBuildFile section */

/* Begin PBXCopyFilesBuildPhase section */
		2EF07A51251B2F92004C3C90 /* Embed Frameworks */ = {
			isa = PBXCopyFilesBuildPhase;
			buildActionMask = 2147483647;
			dstPath = "";
			dstSubfolderSpec = 10;
			files = (
				2EF07A50251B2F92004C3C90 /* VKSdkFramework.framework in Embed Frameworks */,
			);
			name = "Embed Frameworks";
			runOnlyForDeploymentPostprocessing = 0;
		};
/* End PBXCopyFilesBuildPhase section */

/* Begin PBXFileReference section */
		2E93BD31251B4CED005CBE6D /* AuthServ.swift */ = {isa = PBXFileReference; lastKnownFileType = sourcecode.swift; path = AuthServ.swift; sourceTree = "<group>"; };
		2E93BD33251B4FA8005CBE6D /* AuthViewController.storyboard */ = {isa = PBXFileReference; lastKnownFileType = file.storyboard; path = AuthViewController.storyboard; sourceTree = "<group>"; };
		2E93BD35251B6E7C005CBE6D /* FeedViewController.swift */ = {isa = PBXFileReference; lastKnownFileType = sourcecode.swift; path = FeedViewController.swift; sourceTree = "<group>"; };
		2E93BD37251B6E8E005CBE6D /* FeedViewController.storyboard */ = {isa = PBXFileReference; lastKnownFileType = file.storyboard; path = FeedViewController.storyboard; sourceTree = "<group>"; };
		2E93BD3B251B7462005CBE6D /* UIViewControler + Storyboard.swift */ = {isa = PBXFileReference; lastKnownFileType = sourcecode.swift; path = "UIViewControler + Storyboard.swift"; sourceTree = "<group>"; };
		2EF07A35251B2859004C3C90 /* VKNewsFeed.app */ = {isa = PBXFileReference; explicitFileType = wrapper.application; includeInIndex = 0; path = VKNewsFeed.app; sourceTree = BUILT_PRODUCTS_DIR; };
		2EF07A38251B2859004C3C90 /* AppDelegate.swift */ = {isa = PBXFileReference; lastKnownFileType = sourcecode.swift; path = AppDelegate.swift; sourceTree = "<group>"; };
		2EF07A3A251B2859004C3C90 /* SceneDelegate.swift */ = {isa = PBXFileReference; lastKnownFileType = sourcecode.swift; path = SceneDelegate.swift; sourceTree = "<group>"; };
		2EF07A3C251B2859004C3C90 /* AuthViewController.swift */ = {isa = PBXFileReference; lastKnownFileType = sourcecode.swift; path = AuthViewController.swift; sourceTree = "<group>"; };
		2EF07A41251B2861004C3C90 /* Assets.xcassets */ = {isa = PBXFileReference; lastKnownFileType = folder.assetcatalog; path = Assets.xcassets; sourceTree = "<group>"; };
		2EF07A44251B2861004C3C90 /* Base */ = {isa = PBXFileReference; lastKnownFileType = file.storyboard; name = Base; path = Base.lproj/LaunchScreen.storyboard; sourceTree = "<group>"; };
		2EF07A46251B2861004C3C90 /* Info.plist */ = {isa = PBXFileReference; lastKnownFileType = text.plist.xml; path = Info.plist; sourceTree = "<group>"; };
		2EF07A4E251B2F92004C3C90 /* VKSdkFramework.framework */ = {isa = PBXFileReference; lastKnownFileType = wrapper.framework; name = VKSdkFramework.framework; path = Carthage/Build/iOS/VKSdkFramework.framework; sourceTree = "<group>"; };
		2EF07A52251B2FE6004C3C90 /* .gitignore */ = {isa = PBXFileReference; lastKnownFileType = text; path = .gitignore; sourceTree = "<group>"; };
/* End PBXFileReference section */

/* Begin PBXFrameworksBuildPhase section */
		2EF07A32251B2859004C3C90 /* Frameworks */ = {
			isa = PBXFrameworksBuildPhase;
			buildActionMask = 2147483647;
			files = (
				2EF07A4F251B2F92004C3C90 /* VKSdkFramework.framework in Frameworks */,
			);
			runOnlyForDeploymentPostprocessing = 0;
		};
/* End PBXFrameworksBuildPhase section */

/* Begin PBXGroup section */
		2E93BD30251B49D5005CBE6D /* Services */ = {
			isa = PBXGroup;
			children = (
				2E93BD31251B4CED005CBE6D /* AuthServ.swift */,
			);
			path = Services;
			sourceTree = "<group>";
		};
		2E93BD39251B6F4E005CBE6D /* FeedViewController */ = {
			isa = PBXGroup;
			children = (
				2E93BD35251B6E7C005CBE6D /* FeedViewController.swift */,
				2E93BD37251B6E8E005CBE6D /* FeedViewController.storyboard */,
			);
			path = FeedViewController;
			sourceTree = "<group>";
		};
		2E93BD3A251B6F6C005CBE6D /* Auth */ = {
			isa = PBXGroup;
			children = (
				2EF07A3C251B2859004C3C90 /* AuthViewController.swift */,
				2E93BD33251B4FA8005CBE6D /* AuthViewController.storyboard */,
			);
			path = Auth;
			sourceTree = "<group>";
		};
		2E93BD3D251B746E005CBE6D /* Helpers */ = {
			isa = PBXGroup;
			children = (
				2E93BD3B251B7462005CBE6D /* UIViewControler + Storyboard.swift */,
			);
			path = Helpers;
			sourceTree = "<group>";
		};
		2EF07A2C251B2859004C3C90 = {
			isa = PBXGroup;
			children = (
				2EF07A37251B2859004C3C90 /* VKNewsFeed */,
				2EF07A36251B2859004C3C90 /* Products */,
				2EF07A4D251B2F92004C3C90 /* Frameworks */,
			);
			sourceTree = "<group>";
		};
		2EF07A36251B2859004C3C90 /* Products */ = {
			isa = PBXGroup;
			children = (
				2EF07A35251B2859004C3C90 /* VKNewsFeed.app */,
			);
			name = Products;
			sourceTree = "<group>";
		};
		2EF07A37251B2859004C3C90 /* VKNewsFeed */ = {
			isa = PBXGroup;
			children = (
				2EF07A38251B2859004C3C90 /* AppDelegate.swift */,
				2EF07A3A251B2859004C3C90 /* SceneDelegate.swift */,
				2E93BD3A251B6F6C005CBE6D /* Auth */,
				2E93BD39251B6F4E005CBE6D /* FeedViewController */,
				2E93BD30251B49D5005CBE6D /* Services */,
				2E93BD3D251B746E005CBE6D /* Helpers */,
				2EF07A41251B2861004C3C90 /* Assets.xcassets */,
				2EF07A43251B2861004C3C90 /* LaunchScreen.storyboard */,
				2EF07A46251B2861004C3C90 /* Info.plist */,
				2EF07A52251B2FE6004C3C90 /* .gitignore */,
			);
			path = VKNewsFeed;
			sourceTree = "<group>";
		};
		2EF07A4D251B2F92004C3C90 /* Frameworks */ = {
			isa = PBXGroup;
			children = (
				2EF07A4E251B2F92004C3C90 /* VKSdkFramework.framework */,
			);
			name = Frameworks;
			sourceTree = "<group>";
		};
/* End PBXGroup section */

/* Begin PBXNativeTarget section */
		2EF07A34251B2859004C3C90 /* VKNewsFeed */ = {
			isa = PBXNativeTarget;
			buildConfigurationList = 2EF07A49251B2861004C3C90 /* Build configuration list for PBXNativeTarget "VKNewsFeed" */;
			buildPhases = (
				2EF07A31251B2859004C3C90 /* Sources */,
				2EF07A32251B2859004C3C90 /* Frameworks */,
				2EF07A33251B2859004C3C90 /* Resources */,
				2EF07A4C251B2E8E004C3C90 /* ShellScript */,
				2EF07A51251B2F92004C3C90 /* Embed Frameworks */,
			);
			buildRules = (
			);
			dependencies = (
			);
			name = VKNewsFeed;
			productName = VKNewsFeed;
			productReference = 2EF07A35251B2859004C3C90 /* VKNewsFeed.app */;
			productType = "com.apple.product-type.application";
		};
/* End PBXNativeTarget section */

/* Begin PBXProject section */
		2EF07A2D251B2859004C3C90 /* Project object */ = {
			isa = PBXProject;
			attributes = {
				LastSwiftUpdateCheck = 1160;
				LastUpgradeCheck = 1160;
				ORGANIZATIONNAME = "Alexander Pride";
				TargetAttributes = {
					2EF07A34251B2859004C3C90 = {
						CreatedOnToolsVersion = 11.6;
					};
				};
			};
			buildConfigurationList = 2EF07A30251B2859004C3C90 /* Build configuration list for PBXProject "VKNewsFeed" */;
			compatibilityVersion = "Xcode 11.4";
			developmentRegion = en;
			hasScannedForEncodings = 0;
			knownRegions = (
				en,
				Base,
			);
			mainGroup = 2EF07A2C251B2859004C3C90;
			productRefGroup = 2EF07A36251B2859004C3C90 /* Products */;
			projectDirPath = "";
			projectRoot = "";
			targets = (
				2EF07A34251B2859004C3C90 /* VKNewsFeed */,
			);
		};
/* End PBXProject section */

/* Begin PBXResourcesBuildPhase section */
		2EF07A33251B2859004C3C90 /* Resources */ = {
			isa = PBXResourcesBuildPhase;
			buildActionMask = 2147483647;
			files = (
				2EF07A53251B2FE6004C3C90 /* .gitignore in Resources */,
				2E93BD34251B4FA8005CBE6D /* AuthViewController.storyboard in Resources */,
				2EF07A45251B2861004C3C90 /* LaunchScreen.storyboard in Resources */,
				2E93BD38251B6E8E005CBE6D /* FeedViewController.storyboard in Resources */,
				2EF07A42251B2861004C3C90 /* Assets.xcassets in Resources */,
			);
			runOnlyForDeploymentPostprocessing = 0;
		};
/* End PBXResourcesBuildPhase section */

/* Begin PBXShellScriptBuildPhase section */
		2EF07A4C251B2E8E004C3C90 /* ShellScript */ = {
			isa = PBXShellScriptBuildPhase;
			buildActionMask = 2147483647;
			files = (
			);
			inputFileListPaths = (
			);
			inputPaths = (
				"$(SRCROOT)/Carthage/Build/iOS/VKSdkFramework.framework",
			);
			outputFileListPaths = (
			);
			outputPaths = (
			);
			runOnlyForDeploymentPostprocessing = 0;
			shellPath = /bin/sh;
			shellScript = "/usr/local/bin/carthage copy-frameworks\n";
		};
/* End PBXShellScriptBuildPhase section */

/* Begin PBXSourcesBuildPhase section */
		2EF07A31251B2859004C3C90 /* Sources */ = {
			isa = PBXSourcesBuildPhase;
			buildActionMask = 2147483647;
			files = (
				2E93BD3C251B7462005CBE6D /* UIViewControler + Storyboard.swift in Sources */,
				2EF07A3D251B2859004C3C90 /* AuthViewController.swift in Sources */,
				2EF07A39251B2859004C3C90 /* AppDelegate.swift in Sources */,
				2E93BD36251B6E7C005CBE6D /* FeedViewController.swift in Sources */,
				2EF07A3B251B2859004C3C90 /* SceneDelegate.swift in Sources */,
				2E93BD32251B4CED005CBE6D /* AuthServ.swift in Sources */,
			);
			runOnlyForDeploymentPostprocessing = 0;
		};
/* End PBXSourcesBuildPhase section */

/* Begin PBXVariantGroup section */
		2EF07A43251B2861004C3C90 /* LaunchScreen.storyboard */ = {
			isa = PBXVariantGroup;
			children = (
				2EF07A44251B2861004C3C90 /* Base */,
			);
			name = LaunchScreen.storyboard;
			sourceTree = "<group>";
		};
/* End PBXVariantGroup section */

/* Begin XCBuildConfiguration section */
		2EF07A47251B2861004C3C90 /* Debug */ = {
			isa = XCBuildConfiguration;
			buildSettings = {
				ALWAYS_SEARCH_USER_PATHS = NO;
				CLANG_ANALYZER_NONNULL = YES;
				CLANG_ANALYZER_NUMBER_OBJECT_CONVERSION = YES_AGGRESSIVE;
				CLANG_CXX_LANGUAGE_STANDARD = "gnu++14";
				CLANG_CXX_LIBRARY = "libc++";
				CLANG_ENABLE_MODULES = YES;
				CLANG_ENABLE_OBJC_ARC = YES;
				CLANG_ENABLE_OBJC_WEAK = YES;
				CLANG_WARN_BLOCK_CAPTURE_AUTORELEASING = YES;
				CLANG_WARN_BOOL_CONVERSION = YES;
				CLANG_WARN_COMMA = YES;
				CLANG_WARN_CONSTANT_CONVERSION = YES;
				CLANG_WARN_DEPRECATED_OBJC_IMPLEMENTATIONS = YES;
				CLANG_WARN_DIRECT_OBJC_ISA_USAGE = YES_ERROR;
				CLANG_WARN_DOCUMENTATION_COMMENTS = YES;
				CLANG_WARN_EMPTY_BODY = YES;
				CLANG_WARN_ENUM_CONVERSION = YES;
				CLANG_WARN_INFINITE_RECURSION = YES;
				CLANG_WARN_INT_CONVERSION = YES;
				CLANG_WARN_NON_LITERAL_NULL_CONVERSION = YES;
				CLANG_WARN_OBJC_IMPLICIT_RETAIN_SELF = YES;
				CLANG_WARN_OBJC_LITERAL_CONVERSION = YES;
				CLANG_WARN_OBJC_ROOT_CLASS = YES_ERROR;
				CLANG_WARN_RANGE_LOOP_ANALYSIS = YES;
				CLANG_WARN_STRICT_PROTOTYPES = YES;
				CLANG_WARN_SUSPICIOUS_MOVE = YES;
				CLANG_WARN_UNGUARDED_AVAILABILITY = YES_AGGRESSIVE;
				CLANG_WARN_UNREACHABLE_CODE = YES;
				CLANG_WARN__DUPLICATE_METHOD_MATCH = YES;
				COPY_PHASE_STRIP = NO;
				DEBUG_INFORMATION_FORMAT = dwarf;
				ENABLE_STRICT_OBJC_MSGSEND = YES;
				ENABLE_TESTABILITY = YES;
				GCC_C_LANGUAGE_STANDARD = gnu11;
				GCC_DYNAMIC_NO_PIC = NO;
				GCC_NO_COMMON_BLOCKS = YES;
				GCC_OPTIMIZATION_LEVEL = 0;
				GCC_PREPROCESSOR_DEFINITIONS = (
					"DEBUG=1",
					"$(inherited)",
				);
				GCC_WARN_64_TO_32_BIT_CONVERSION = YES;
				GCC_WARN_ABOUT_RETURN_TYPE = YES_ERROR;
				GCC_WARN_UNDECLARED_SELECTOR = YES;
				GCC_WARN_UNINITIALIZED_AUTOS = YES_AGGRESSIVE;
				GCC_WARN_UNUSED_FUNCTION = YES;
				GCC_WARN_UNUSED_VARIABLE = YES;
				IPHONEOS_DEPLOYMENT_TARGET = 13.6;
				MTL_ENABLE_DEBUG_INFO = INCLUDE_SOURCE;
				MTL_FAST_MATH = YES;
				ONLY_ACTIVE_ARCH = YES;
				SDKROOT = iphoneos;
				SWIFT_ACTIVE_COMPILATION_CONDITIONS = DEBUG;
				SWIFT_OPTIMIZATION_LEVEL = "-Onone";
			};
			name = Debug;
		};
		2EF07A48251B2861004C3C90 /* Release */ = {
			isa = XCBuildConfiguration;
			buildSettings = {
				ALWAYS_SEARCH_USER_PATHS = NO;
				CLANG_ANALYZER_NONNULL = YES;
				CLANG_ANALYZER_NUMBER_OBJECT_CONVERSION = YES_AGGRESSIVE;
				CLANG_CXX_LANGUAGE_STANDARD = "gnu++14";
				CLANG_CXX_LIBRARY = "libc++";
				CLANG_ENABLE_MODULES = YES;
				CLANG_ENABLE_OBJC_ARC = YES;
				CLANG_ENABLE_OBJC_WEAK = YES;
				CLANG_WARN_BLOCK_CAPTURE_AUTORELEASING = YES;
				CLANG_WARN_BOOL_CONVERSION = YES;
				CLANG_WARN_COMMA = YES;
				CLANG_WARN_CONSTANT_CONVERSION = YES;
				CLANG_WARN_DEPRECATED_OBJC_IMPLEMENTATIONS = YES;
				CLANG_WARN_DIRECT_OBJC_ISA_USAGE = YES_ERROR;
				CLANG_WARN_DOCUMENTATION_COMMENTS = YES;
				CLANG_WARN_EMPTY_BODY = YES;
				CLANG_WARN_ENUM_CONVERSION = YES;
				CLANG_WARN_INFINITE_RECURSION = YES;
				CLANG_WARN_INT_CONVERSION = YES;
				CLANG_WARN_NON_LITERAL_NULL_CONVERSION = YES;
				CLANG_WARN_OBJC_IMPLICIT_RETAIN_SELF = YES;
				CLANG_WARN_OBJC_LITERAL_CONVERSION = YES;
				CLANG_WARN_OBJC_ROOT_CLASS = YES_ERROR;
				CLANG_WARN_RANGE_LOOP_ANALYSIS = YES;
				CLANG_WARN_STRICT_PROTOTYPES = YES;
				CLANG_WARN_SUSPICIOUS_MOVE = YES;
				CLANG_WARN_UNGUARDED_AVAILABILITY = YES_AGGRESSIVE;
				CLANG_WARN_UNREACHABLE_CODE = YES;
				CLANG_WARN__DUPLICATE_METHOD_MATCH = YES;
				COPY_PHASE_STRIP = NO;
				DEBUG_INFORMATION_FORMAT = "dwarf-with-dsym";
				ENABLE_NS_ASSERTIONS = NO;
				ENABLE_STRICT_OBJC_MSGSEND = YES;
				GCC_C_LANGUAGE_STANDARD = gnu11;
				GCC_NO_COMMON_BLOCKS = YES;
				GCC_WARN_64_TO_32_BIT_CONVERSION = YES;
				GCC_WARN_ABOUT_RETURN_TYPE = YES_ERROR;
				GCC_WARN_UNDECLARED_SELECTOR = YES;
				GCC_WARN_UNINITIALIZED_AUTOS = YES_AGGRESSIVE;
				GCC_WARN_UNUSED_FUNCTION = YES;
				GCC_WARN_UNUSED_VARIABLE = YES;
				IPHONEOS_DEPLOYMENT_TARGET = 13.6;
				MTL_ENABLE_DEBUG_INFO = NO;
				MTL_FAST_MATH = YES;
				SDKROOT = iphoneos;
				SWIFT_COMPILATION_MODE = wholemodule;
				SWIFT_OPTIMIZATION_LEVEL = "-O";
				VALIDATE_PRODUCT = YES;
			};
			name = Release;
		};
		2EF07A4A251B2861004C3C90 /* Debug */ = {
			isa = XCBuildConfiguration;
			buildSettings = {
				ASSETCATALOG_COMPILER_APPICON_NAME = AppIcon;
				CODE_SIGN_STYLE = Automatic;
				DEVELOPMENT_TEAM = 2S52Q5VDX5;
				FRAMEWORK_SEARCH_PATHS = (
					"$(inherited)",
					"$(PROJECT_DIR)/Carthage/Build/iOS",
				);
				INFOPLIST_FILE = VKNewsFeed/Info.plist;
				LD_RUNPATH_SEARCH_PATHS = (
					"$(inherited)",
					"@executable_path/Frameworks",
				);
				PRODUCT_BUNDLE_IDENTIFIER = a.pride.VKNewsFeed;
				PRODUCT_NAME = "$(TARGET_NAME)";
				SWIFT_VERSION = 5.0;
				TARGETED_DEVICE_FAMILY = "1,2";
			};
			name = Debug;
		};
		2EF07A4B251B2861004C3C90 /* Release */ = {
			isa = XCBuildConfiguration;
			buildSettings = {
				ASSETCATALOG_COMPILER_APPICON_NAME = AppIcon;
				CODE_SIGN_STYLE = Automatic;
				DEVELOPMENT_TEAM = 2S52Q5VDX5;
				FRAMEWORK_SEARCH_PATHS = (
					"$(inherited)",
					"$(PROJECT_DIR)/Carthage/Build/iOS",
				);
				INFOPLIST_FILE = VKNewsFeed/Info.plist;
				LD_RUNPATH_SEARCH_PATHS = (
					"$(inherited)",
					"@executable_path/Frameworks",
				);
				PRODUCT_BUNDLE_IDENTIFIER = a.pride.VKNewsFeed;
				PRODUCT_NAME = "$(TARGET_NAME)";
				SWIFT_VERSION = 5.0;
				TARGETED_DEVICE_FAMILY = "1,2";
			};
			name = Release;
		};
/* End XCBuildConfiguration section */

/* Begin XCConfigurationList section */
		2EF07A30251B2859004C3C90 /* Build configuration list for PBXProject "VKNewsFeed" */ = {
			isa = XCConfigurationList;
			buildConfigurations = (
				2EF07A47251B2861004C3C90 /* Debug */,
				2EF07A48251B2861004C3C90 /* Release */,
			);
			defaultConfigurationIsVisible = 0;
			defaultConfigurationName = Release;
		};
		2EF07A49251B2861004C3C90 /* Build configuration list for PBXNativeTarget "VKNewsFeed" */ = {
			isa = XCConfigurationList;
			buildConfigurations = (
				2EF07A4A251B2861004C3C90 /* Debug */,
				2EF07A4B251B2861004C3C90 /* Release */,
			);
			defaultConfigurationIsVisible = 0;
			defaultConfigurationName = Release;
		};
/* End XCConfigurationList section */
	};
	rootObject = 2EF07A2D251B2859004C3C90 /* Project object */;
}
